
Microsoft Visual Studio Solution File, Format Version 12.00
# Visual Studio Version 17
VisualStudioVersion = 17.14.36623.8 d17.14
MinimumVisualStudioVersion = 10.0.40219.1
Project("{8BC9CEB8-8B4A-11D0-8D11-00A0C91BC942}") = "Info_stick", "Info_stick.vcxproj", "{B743719E-8C27-4981-AAB4-91A08D524989}"
EndProject
Global
	GlobalSection(SolutionConfigurationPlatforms) = preSolution
		Debug|x64 = Debug|x64
		Release|x64 = Release|x64
	EndGlobalSection
	GlobalSection(ProjectConfigurationPlatforms) = postSolution
		{B743719E-8C27-4981-AAB4-91A08D524989}.Debug|x64.ActiveCfg = Debug|x64
		{B743719E-8C27-4981-AAB4-91A08D524989}.Debug|x64.Build.0 = Debug|x64
		{B743719E-8C27-4981-AAB4-91A08D524989}.Release|x64.ActiveCfg = Release|x64
		{B743719E-8C27-4981-AAB4-91A08D524989}.Release|x64.Build.0 = Release|x64
	EndGlobalSection
	GlobalSection(SolutionProperties) = preSolution
		HideSolutionNode = FALSE
	EndGlobalSection
	GlobalSection(ExtensibilityGlobals) = postSolution
		SolutionGuid = {7A1980F8-F37F-4C20-876A-9FECB929DD6C}
	EndGlobalSection
EndGlobal
